# This file is automatically @generated by Cargo.
# It is not intended for manual editing.
version = 4

[[package]]
name = "muxdeck-core"
version = "0.1.0"

[[package]]
name = "muxdeck-engine"
version = "0.1.0"
dependencies = [
 "muxdeck-core",
 "muxdeck-input",
]

[[package]]
name = "muxdeck-input"
version = "0.1.0"

[[package]]
name = "muxdeckd"
version = "0.1.0"
dependencies = [
 "muxdeck-engine",
]
